# THIS IS AN AUTOGENERATED FILE. DO NOT EDIT THIS FILE DIRECTLY.
# yarn lockfile v1


"@babel/runtime@^7.16.7":
  version "7.17.0"
  resolved "https://registry.yarnpkg.com/@babel/runtime/-/runtime-7.17.0.tgz#b8d142fc0f7664fb3d9b5833fd40dcbab89276c0"
  integrity sha512-etcO/ohMNaNA2UBdaXBBSX/3aEzFMRrVfaPv8Ptc0k+cWpWW0QFiGZ2XnVqQZI1Cf734LbPGmqBKWESfW4x/dQ==
  dependencies:
    regenerator-runtime "^0.13.4"

"@reach/observe-rect@^1.1.0":
  version "1.2.0"
  resolved "https://registry.yarnpkg.com/@reach/observe-rect/-/observe-rect-1.2.0.tgz#d7a6013b8aafcc64c778a0ccb83355a11204d3b2"
  integrity sha512-Ba7HmkFgfQxZqqaeIWWkNK0rEhpxVQHIoVyW1YDSkGsGIXzcaW4deC8B0pZrNSSyLTdIk7y+5olKt5+g0GmFIQ==

babel-plugin-transform-async-to-promises@^0.8.18:
  version "0.8.18"
  resolved "https://registry.yarnpkg.com/babel-plugin-transform-async-to-promises/-/babel-plugin-transform-async-to-promises-0.8.18.tgz#f4dc5980b8afa0fc9c784b8d931afde913413e39"
  integrity sha512-WpOrF76nUHijnNn10eBGOHZmXQC8JYRME9rOLxStOga7Av2VO53ehVFvVNImMksVtQuL2/7ZNxEgxnx7oo/3Hw==

regenerator-runtime@^0.13.4:
  version "0.13.9"
  resolved "https://registry.yarnpkg.com/regenerator-runtime/-/regenerator-runtime-0.13.9.tgz#8925742a98ffd90814988d7566ad30ca3b263b52"
  integrity sha512-p3VT+cOEgxFsRRA9X4lkI1E+k2/CtnKtU4gcxyaCUreilL/vqI6CdZ3wxVUx3UOUg+gnUOQQcRI7BmSI656MYA==
