{
  "name": "@tanstack/query-example-solid-default-query-function",
  "version": "0.0.0",
  "lockfileVersion": 2,
  "requires": true,
  "packages": {
    "": {
      "name": "@tanstack/query-example-solid-default-query-function",
      "version": "0.0.0",
      "license": "MIT",
      "dependencies": {
        "@tanstack/solid-query": "^4.3.0-beta.4",
        "solid-js": "^1.5.1"
      },
      "devDependencies": {
        "typescript": "^4.8.2",
        "vite": "^3.0.9",
        "vite-plugin-solid": "^2.3.0"
      }
    },
    ".yalc/@tanstack/solid-query": {
      "version": "4.3.0-beta.4",
      "license": "MIT",
      "dependencies": {
        "@tanstack/query-core": "4.3.0-beta.4"
      },
      "funding": {
        "type": "github",
        "url": "https://github.com/sponsors/tannerlinsley"
      },
      "peerDependencies": {
        "solid-js": "^1.5.4"
      }
    },
    "node_modules/@ampproject/remapping": {
      "version": "2.2.0",
      "dev": true,
      "license": "Apache-2.0",
      "dependencies": {
        "@jridgewell/gen-mapping": "^0.1.0",
        "@jridgewell/trace-mapping": "^0.3.9"
      },
      "engines": {
        "node": ">=6.0.0"
      }
    },
    "node_modules/@babel/code-frame": {
      "version": "7.18.6",
      "dev": true,
      "license": "MIT",
      "dependencies": {
        "@babel/highlight": "^7.18.6"
      },
      "engines": {
        "node": ">=6.9.0"
      }
    },
    "node_modules/@babel/compat-data": {
      "version": "7.19.0",
      "dev": true,
      "license": "MIT",
      "engines": {
        "node": ">=6.9.0"
      }
    },
    "node_modules/@babel/core": {
      "version": "7.19.0",
      "dev": true,
      "license": "MIT",
      "dependencies": {
        "@ampproject/remapping": "^2.1.0",
        "@babel/code-frame": "^7.18.6",
        "@babel/generator": "^7.19.0",
        "@babel/helper-compilation-targets": "^7.19.0",
        "@babel/helper-module-transforms": "^7.19.0",
        "@babel/helpers": "^7.19.0",
        "@babel/parser": "^7.19.0",
        "@babel/template": "^7.18.10",
        "@babel/traverse": "^7.19.0",
        "@babel/types": "^7.19.0",
        "convert-source-map": "^1.7.0",
        "debug": "^4.1.0",
        "gensync": "^1.0.0-beta.2",
        "json5": "^2.2.1",
        "semver": "^6.3.0"
      },
      "engines": {
        "node": ">=6.9.0"
      },
      "funding": {
        "type": "opencollective",
        "url": "https://opencollective.com/babel"
      }
    },
    "node_modules/@babel/generator": {
      "version": "7.19.0",
      "dev": true,
      "license": "MIT",
      "dependencies": {
        "@babel/types": "^7.19.0",
        "@jridgewell/gen-mapping": "^0.3.2",
        "jsesc": "^2.5.1"
      },
      "engines": {
        "node": ">=6.9.0"
      }
    },
    "node_modules/@babel/generator/node_modules/@jridgewell/gen-mapping": {
      "version": "0.3.2",
      "dev": true,
      "license": "MIT",
      "dependencies": {
        "@jridgewell/set-array": "^1.0.1",
        "@jridgewell/sourcemap-codec": "^1.4.10",
        "@jridgewell/trace-mapping": "^0.3.9"
      },
      "engines": {
        "node": ">=6.0.0"
      }
    },
    "node_modules/@babel/helper-annotate-as-pure": {
      "version": "7.18.6",
      "dev": true,
      "license": "MIT",
      "dependencies": {
        "@babel/types": "^7.18.6"
      },
      "engines": {
        "node": ">=6.9.0"
      }
    },
    "node_modules/@babel/helper-compilation-targets": {
      "version": "7.19.0",
      "dev": true,
      "license": "MIT",
      "dependencies": {
        "@babel/compat-data": "^7.19.0",
        "@babel/helper-validator-option": "^7.18.6",
        "browserslist": "^4.20.2",
        "semver": "^6.3.0"
      },
      "engines": {
        "node": ">=6.9.0"
      },
      "peerDependencies": {
        "@babel/core": "^7.0.0"
      }
    },
    "node_modules/@babel/helper-create-class-features-plugin": {
      "version": "7.19.0",
      "dev": true,
      "license": "MIT",
      "dependencies": {
        "@babel/helper-annotate-as-pure": "^7.18.6",
        "@babel/helper-environment-visitor": "^7.18.9",
        "@babel/helper-function-name": "^7.19.0",
        "@babel/helper-member-expression-to-functions": "^7.18.9",
        "@babel/helper-optimise-call-expression": "^7.18.6",
        "@babel/helper-replace-supers": "^7.18.9",
        "@babel/helper-split-export-declaration": "^7.18.6"
      },
      "engines": {
        "node": ">=6.9.0"
      },
      "peerDependencies": {
        "@babel/core": "^7.0.0"
      }
    },
    "node_modules/@babel/helper-environment-visitor": {
      "version": "7.18.9",
      "dev": true,
      "license": "MIT",
      "engines": {
        "node": ">=6.9.0"
      }
    },
    "node_modules/@babel/helper-function-name": {
      "version": "7.19.0",
      "dev": true,
      "license": "MIT",
      "dependencies": {
        "@babel/template": "^7.18.10",
        "@babel/types": "^7.19.0"
      },
      "engines": {
        "node": ">=6.9.0"
      }
    },
    "node_modules/@babel/helper-hoist-variables": {
      "version": "7.18.6",
      "dev": true,
      "license": "MIT",
      "dependencies": {
        "@babel/types": "^7.18.6"
      },
      "engines": {
        "node": ">=6.9.0"
      }
    },
    "node_modules/@babel/helper-member-expression-to-functions": {
      "version": "7.18.9",
      "dev": true,
      "license": "MIT",
      "dependencies": {
        "@babel/types": "^7.18.9"
      },
      "engines": {
        "node": ">=6.9.0"
      }
    },
    "node_modules/@babel/helper-module-imports": {
      "version": "7.18.6",
      "dev": true,
      "license": "MIT",
      "dependencies": {
        "@babel/types": "^7.18.6"
      },
      "engines": {
        "node": ">=6.9.0"
      }
    },
    "node_modules/@babel/helper-module-transforms": {
      "version": "7.19.0",
      "dev": true,
      "license": "MIT",
      "dependencies": {
        "@babel/helper-environment-visitor": "^7.18.9",
        "@babel/helper-module-imports": "^7.18.6",
        "@babel/helper-simple-access": "^7.18.6",
        "@babel/helper-split-export-declaration": "^7.18.6",
        "@babel/helper-validator-identifier": "^7.18.6",
        "@babel/template": "^7.18.10",
        "@babel/traverse": "^7.19.0",
        "@babel/types": "^7.19.0"
      },
      "engines": {
        "node": ">=6.9.0"
      }
    },
    "node_modules/@babel/helper-optimise-call-expression": {
      "version": "7.18.6",
      "dev": true,
      "license": "MIT",
      "dependencies": {
        "@babel/types": "^7.18.6"
      },
      "engines": {
        "node": ">=6.9.0"
      }
    },
    "node_modules/@babel/helper-plugin-utils": {
      "version": "7.19.0",
      "dev": true,
      "license": "MIT",
      "engines": {
        "node": ">=6.9.0"
      }
    },
    "node_modules/@babel/helper-replace-supers": {
      "version": "7.18.9",
      "dev": true,
      "license": "MIT",
      "dependencies": {
        "@babel/helper-environment-visitor": "^7.18.9",
        "@babel/helper-member-expression-to-functions": "^7.18.9",
        "@babel/helper-optimise-call-expression": "^7.18.6",
        "@babel/traverse": "^7.18.9",
        "@babel/types": "^7.18.9"
      },
      "engines": {
        "node": ">=6.9.0"
      }
    },
    "node_modules/@babel/helper-simple-access": {
      "version": "7.18.6",
      "dev": true,
      "license": "MIT",
      "dependencies": {
        "@babel/types": "^7.18.6"
      },
      "engines": {
        "node": ">=6.9.0"
      }
    },
    "node_modules/@babel/helper-split-export-declaration": {
      "version": "7.18.6",
      "dev": true,
      "license": "MIT",
      "dependencies": {
        "@babel/types": "^7.18.6"
      },
      "engines": {
        "node": ">=6.9.0"
      }
    },
    "node_modules/@babel/helper-string-parser": {
      "version": "7.18.10",
      "dev": true,
      "license": "MIT",
      "engines": {
        "node": ">=6.9.0"
      }
    },
    "node_modules/@babel/helper-validator-identifier": {
      "version": "7.18.6",
      "dev": true,
      "license": "MIT",
      "engines": {
        "node": ">=6.9.0"
      }
    },
    "node_modules/@babel/helper-validator-option": {
      "version": "7.18.6",
      "dev": true,
      "license": "MIT",
      "engines": {
        "node": ">=6.9.0"
      }
    },
    "node_modules/@babel/helpers": {
      "version": "7.19.0",
      "dev": true,
      "license": "MIT",
      "dependencies": {
        "@babel/template": "^7.18.10",
        "@babel/traverse": "^7.19.0",
        "@babel/types": "^7.19.0"
      },
      "engines": {
        "node": ">=6.9.0"
      }
    },
    "node_modules/@babel/highlight": {
      "version": "7.18.6",
      "dev": true,
      "license": "MIT",
      "dependencies": {
        "@babel/helper-validator-identifier": "^7.18.6",
        "chalk": "^2.0.0",
        "js-tokens": "^4.0.0"
      },
      "engines": {
        "node": ">=6.9.0"
      }
    },
    "node_modules/@babel/parser": {
      "version": "7.19.0",
      "dev": true,
      "license": "MIT",
      "bin": {
        "parser": "bin/babel-parser.js"
      },
      "engines": {
        "node": ">=6.0.0"
      }
    },
    "node_modules/@babel/plugin-syntax-jsx": {
      "version": "7.18.6",
      "dev": true,
      "license": "MIT",
      "dependencies": {
        "@babel/helper-plugin-utils": "^7.18.6"
      },
      "engines": {
        "node": ">=6.9.0"
      },
      "peerDependencies": {
        "@babel/core": "^7.0.0-0"
      }
    },
    "node_modules/@babel/plugin-syntax-typescript": {
      "version": "7.18.6",
      "dev": true,
      "license": "MIT",
      "dependencies": {
        "@babel/helper-plugin-utils": "^7.18.6"
      },
      "engines": {
        "node": ">=6.9.0"
      },
      "peerDependencies": {
        "@babel/core": "^7.0.0-0"
      }
    },
    "node_modules/@babel/plugin-transform-typescript": {
      "version": "7.19.0",
      "dev": true,
      "license": "MIT",
      "dependencies": {
        "@babel/helper-create-class-features-plugin": "^7.19.0",
        "@babel/helper-plugin-utils": "^7.19.0",
        "@babel/plugin-syntax-typescript": "^7.18.6"
      },
      "engines": {
        "node": ">=6.9.0"
      },
      "peerDependencies": {
        "@babel/core": "^7.0.0-0"
      }
    },
    "node_modules/@babel/preset-typescript": {
      "version": "7.18.6",
      "dev": true,
      "license": "MIT",
      "dependencies": {
        "@babel/helper-plugin-utils": "^7.18.6",
        "@babel/helper-validator-option": "^7.18.6",
        "@babel/plugin-transform-typescript": "^7.18.6"
      },
      "engines": {
        "node": ">=6.9.0"
      },
      "peerDependencies": {
        "@babel/core": "^7.0.0-0"
      }
    },
    "node_modules/@babel/template": {
      "version": "7.18.10",
      "dev": true,
      "license": "MIT",
      "dependencies": {
        "@babel/code-frame": "^7.18.6",
        "@babel/parser": "^7.18.10",
        "@babel/types": "^7.18.10"
      },
      "engines": {
        "node": ">=6.9.0"
      }
    },
    "node_modules/@babel/traverse": {
      "version": "7.19.0",
      "dev": true,
      "license": "MIT",
      "dependencies": {
        "@babel/code-frame": "^7.18.6",
        "@babel/generator": "^7.19.0",
        "@babel/helper-environment-visitor": "^7.18.9",
        "@babel/helper-function-name": "^7.19.0",
        "@babel/helper-hoist-variables": "^7.18.6",
        "@babel/helper-split-export-declaration": "^7.18.6",
        "@babel/parser": "^7.19.0",
        "@babel/types": "^7.19.0",
        "debug": "^4.1.0",
        "globals": "^11.1.0"
      },
      "engines": {
        "node": ">=6.9.0"
      }
    },
    "node_modules/@babel/types": {
      "version": "7.19.0",
      "dev": true,
      "license": "MIT",
      "dependencies": {
        "@babel/helper-string-parser": "^7.18.10",
        "@babel/helper-validator-identifier": "^7.18.6",
        "to-fast-properties": "^2.0.0"
      },
      "engines": {
        "node": ">=6.9.0"
      }
    },
    "node_modules/@jridgewell/gen-mapping": {
      "version": "0.1.1",
      "dev": true,
      "license": "MIT",
      "dependencies": {
        "@jridgewell/set-array": "^1.0.0",
        "@jridgewell/sourcemap-codec": "^1.4.10"
      },
      "engines": {
        "node": ">=6.0.0"
      }
    },
    "node_modules/@jridgewell/resolve-uri": {
      "version": "3.1.0",
      "dev": true,
      "license": "MIT",
      "engines": {
        "node": ">=6.0.0"
      }
    },
    "node_modules/@jridgewell/set-array": {
      "version": "1.1.2",
      "dev": true,
      "license": "MIT",
      "engines": {
        "node": ">=6.0.0"
      }
    },
    "node_modules/@jridgewell/sourcemap-codec": {
      "version": "1.4.14",
      "dev": true,
      "license": "MIT"
    },
    "node_modules/@jridgewell/trace-mapping": {
      "version": "0.3.15",
      "dev": true,
      "license": "MIT",
      "dependencies": {
        "@jridgewell/resolve-uri": "^3.0.3",
        "@jridgewell/sourcemap-codec": "^1.4.10"
      }
    },
    "node_modules/@tanstack/query-core": {
      "version": "4.3.0-beta.4",
      "resolved": "https://registry.npmjs.org/@tanstack/query-core/-/query-core-4.3.0-beta.4.tgz",
      "integrity": "sha512-GFtngk07PTj3WX1P0sN2hnb/z+Y+CnGtwJv2gdDepZ5M87vgaTb2y9qqd6HDpMswTAmEqjBbrNp7X/LCBZkY+A==",
      "funding": {
        "type": "github",
        "url": "https://github.com/sponsors/tannerlinsley"
      }
    },
    "node_modules/@tanstack/solid-query": {
      "resolved": ".yalc/@tanstack/solid-query",
      "link": true
    },
    "node_modules/ansi-styles": {
      "version": "3.2.1",
      "dev": true,
      "license": "MIT",
      "dependencies": {
        "color-convert": "^1.9.0"
      },
      "engines": {
        "node": ">=4"
      }
    },
    "node_modules/babel-plugin-jsx-dom-expressions": {
      "version": "0.34.7",
      "dev": true,
      "license": "MIT",
      "dependencies": {
        "@babel/helper-module-imports": "7.16.0",
        "@babel/plugin-syntax-jsx": "^7.16.5",
        "@babel/types": "^7.16.0",
        "html-entities": "2.3.2"
      },
      "peerDependencies": {
        "@babel/core": "^7.0.0"
      }
    },
    "node_modules/babel-plugin-jsx-dom-expressions/node_modules/@babel/helper-module-imports": {
      "version": "7.16.0",
      "dev": true,
      "license": "MIT",
      "dependencies": {
        "@babel/types": "^7.16.0"
      },
      "engines": {
        "node": ">=6.9.0"
      }
    },
    "node_modules/babel-preset-solid": {
      "version": "1.5.4",
      "dev": true,
      "license": "MIT",
      "dependencies": {
        "babel-plugin-jsx-dom-expressions": "^0.34.5"
      },
      "peerDependencies": {
        "@babel/core": "^7.0.0"
      }
    },
    "node_modules/browserslist": {
      "version": "4.21.3",
      "dev": true,
      "funding": [
        {
          "type": "opencollective",
          "url": "https://opencollective.com/browserslist"
        },
        {
          "type": "tidelift",
          "url": "https://tidelift.com/funding/github/npm/browserslist"
        }
      ],
      "license": "MIT",
      "dependencies": {
        "caniuse-lite": "^1.0.30001370",
        "electron-to-chromium": "^1.4.202",
        "node-releases": "^2.0.6",
        "update-browserslist-db": "^1.0.5"
      },
      "bin": {
        "browserslist": "cli.js"
      },
      "engines": {
        "node": "^6 || ^7 || ^8 || ^9 || ^10 || ^11 || ^12 || >=13.7"
      }
    },
    "node_modules/caniuse-lite": {
      "version": "1.0.30001393",
      "dev": true,
      "funding": [
        {
          "type": "opencollective",
          "url": "https://opencollective.com/browserslist"
        },
        {
          "type": "tidelift",
          "url": "https://tidelift.com/funding/github/npm/caniuse-lite"
        }
      ],
      "license": "CC-BY-4.0"
    },
    "node_modules/chalk": {
      "version": "2.4.2",
      "dev": true,
      "license": "MIT",
      "dependencies": {
        "ansi-styles": "^3.2.1",
        "escape-string-regexp": "^1.0.5",
        "supports-color": "^5.3.0"
      },
      "engines": {
        "node": ">=4"
      }
    },
    "node_modules/color-convert": {
      "version": "1.9.3",
      "dev": true,
      "license": "MIT",
      "dependencies": {
        "color-name": "1.1.3"
      }
    },
    "node_modules/color-name": {
      "version": "1.1.3",
      "dev": true,
      "license": "MIT"
    },
    "node_modules/convert-source-map": {
      "version": "1.8.0",
      "dev": true,
      "license": "MIT",
      "dependencies": {
        "safe-buffer": "~5.1.1"
      }
    },
    "node_modules/csstype": {
      "version": "3.1.0",
      "license": "MIT"
    },
    "node_modules/debug": {
      "version": "4.3.4",
      "dev": true,
      "license": "MIT",
      "dependencies": {
        "ms": "2.1.2"
      },
      "engines": {
        "node": ">=6.0"
      },
      "peerDependenciesMeta": {
        "supports-color": {
          "optional": true
        }
      }
    },
    "node_modules/electron-to-chromium": {
      "version": "1.4.245",
      "dev": true,
      "license": "ISC"
    },
    "node_modules/esbuild": {
      "version": "0.15.7",
      "dev": true,
      "hasInstallScript": true,
      "license": "MIT",
      "bin": {
        "esbuild": "bin/esbuild"
      },
      "engines": {
        "node": ">=12"
      },
      "optionalDependencies": {
        "@esbuild/linux-loong64": "0.15.7",
        "esbuild-android-64": "0.15.7",
        "esbuild-android-arm64": "0.15.7",
        "esbuild-darwin-64": "0.15.7",
        "esbuild-darwin-arm64": "0.15.7",
        "esbuild-freebsd-64": "0.15.7",
        "esbuild-freebsd-arm64": "0.15.7",
        "esbuild-linux-32": "0.15.7",
        "esbuild-linux-64": "0.15.7",
        "esbuild-linux-arm": "0.15.7",
        "esbuild-linux-arm64": "0.15.7",
        "esbuild-linux-mips64le": "0.15.7",
        "esbuild-linux-ppc64le": "0.15.7",
        "esbuild-linux-riscv64": "0.15.7",
        "esbuild-linux-s390x": "0.15.7",
        "esbuild-netbsd-64": "0.15.7",
        "esbuild-openbsd-64": "0.15.7",
        "esbuild-sunos-64": "0.15.7",
        "esbuild-windows-32": "0.15.7",
        "esbuild-windows-64": "0.15.7",
        "esbuild-windows-arm64": "0.15.7"
      }
    },
    "node_modules/esbuild-darwin-64": {
      "version": "0.15.7",
      "cpu": [
        "x64"
      ],
      "dev": true,
      "license": "MIT",
      "optional": true,
      "os": [
        "darwin"
      ],
      "engines": {
        "node": ">=12"
      }
    },
    "node_modules/escalade": {
      "version": "3.1.1",
      "dev": true,
      "license": "MIT",
      "engines": {
        "node": ">=6"
      }
    },
    "node_modules/escape-string-regexp": {
      "version": "1.0.5",
      "dev": true,
      "license": "MIT",
      "engines": {
        "node": ">=0.8.0"
      }
    },
    "node_modules/fsevents": {
      "version": "2.3.2",
      "dev": true,
      "license": "MIT",
      "optional": true,
      "os": [
        "darwin"
      ],
      "engines": {
        "node": "^8.16.0 || ^10.6.0 || >=11.0.0"
      }
    },
    "node_modules/function-bind": {
      "version": "1.1.1",
      "dev": true,
      "license": "MIT"
    },
    "node_modules/gensync": {
      "version": "1.0.0-beta.2",
      "dev": true,
      "license": "MIT",
      "engines": {
        "node": ">=6.9.0"
      }
    },
    "node_modules/globals": {
      "version": "11.12.0",
      "dev": true,
      "license": "MIT",
      "engines": {
        "node": ">=4"
      }
    },
    "node_modules/has": {
      "version": "1.0.3",
      "dev": true,
      "license": "MIT",
      "dependencies": {
        "function-bind": "^1.1.1"
      },
      "engines": {
        "node": ">= 0.4.0"
      }
    },
    "node_modules/has-flag": {
      "version": "3.0.0",
      "dev": true,
      "license": "MIT",
      "engines": {
        "node": ">=4"
      }
    },
    "node_modules/html-entities": {
      "version": "2.3.2",
      "dev": true,
      "license": "MIT"
    },
    "node_modules/is-core-module": {
      "version": "2.10.0",
      "dev": true,
      "license": "MIT",
      "dependencies": {
        "has": "^1.0.3"
      },
      "funding": {
        "url": "https://github.com/sponsors/ljharb"
      }
    },
    "node_modules/is-what": {
      "version": "4.1.7",
      "dev": true,
      "license": "MIT",
      "engines": {
        "node": ">=12.13"
      },
      "funding": {
        "url": "https://github.com/sponsors/mesqueeb"
      }
    },
    "node_modules/js-tokens": {
      "version": "4.0.0",
      "dev": true,
      "license": "MIT"
    },
    "node_modules/jsesc": {
      "version": "2.5.2",
      "dev": true,
      "license": "MIT",
      "bin": {
        "jsesc": "bin/jsesc"
      },
      "engines": {
        "node": ">=4"
      }
    },
    "node_modules/json5": {
      "version": "2.2.1",
      "dev": true,
      "license": "MIT",
      "bin": {
        "json5": "lib/cli.js"
      },
      "engines": {
        "node": ">=6"
      }
    },
    "node_modules/merge-anything": {
      "version": "5.0.4",
      "dev": true,
      "license": "MIT",
      "dependencies": {
        "is-what": "^4.1.7",
        "ts-toolbelt": "^9.6.0"
      },
      "engines": {
        "node": ">=12.13"
      },
      "funding": {
        "url": "https://github.com/sponsors/mesqueeb"
      }
    },
    "node_modules/ms": {
      "version": "2.1.2",
      "dev": true,
      "license": "MIT"
    },
    "node_modules/nanoid": {
      "version": "3.3.4",
      "dev": true,
      "license": "MIT",
      "bin": {
        "nanoid": "bin/nanoid.cjs"
      },
      "engines": {
        "node": "^10 || ^12 || ^13.7 || ^14 || >=15.0.1"
      }
    },
    "node_modules/node-releases": {
      "version": "2.0.6",
      "dev": true,
      "license": "MIT"
    },
    "node_modules/path-parse": {
      "version": "1.0.7",
      "dev": true,
      "license": "MIT"
    },
    "node_modules/picocolors": {
      "version": "1.0.0",
      "dev": true,
      "license": "ISC"
    },
    "node_modules/postcss": {
      "version": "8.4.16",
      "dev": true,
      "funding": [
        {
          "type": "opencollective",
          "url": "https://opencollective.com/postcss/"
        },
        {
          "type": "tidelift",
          "url": "https://tidelift.com/funding/github/npm/postcss"
        }
      ],
      "license": "MIT",
      "dependencies": {
        "nanoid": "^3.3.4",
        "picocolors": "^1.0.0",
        "source-map-js": "^1.0.2"
      },
      "engines": {
        "node": "^10 || ^12 || >=14"
      }
    },
    "node_modules/resolve": {
      "version": "1.22.1",
      "dev": true,
      "license": "MIT",
      "dependencies": {
        "is-core-module": "^2.9.0",
        "path-parse": "^1.0.7",
        "supports-preserve-symlinks-flag": "^1.0.0"
      },
      "bin": {
        "resolve": "bin/resolve"
      },
      "funding": {
        "url": "https://github.com/sponsors/ljharb"
      }
    },
    "node_modules/rollup": {
      "version": "2.78.1",
      "dev": true,
      "license": "MIT",
      "bin": {
        "rollup": "dist/bin/rollup"
      },
      "engines": {
        "node": ">=10.0.0"
      },
      "optionalDependencies": {
        "fsevents": "~2.3.2"
      }
    },
    "node_modules/safe-buffer": {
      "version": "5.1.2",
      "dev": true,
      "license": "MIT"
    },
    "node_modules/semver": {
      "version": "6.3.0",
      "dev": true,
      "license": "ISC",
      "bin": {
        "semver": "bin/semver.js"
      }
    },
    "node_modules/solid-js": {
      "version": "1.5.4",
      "license": "MIT",
      "dependencies": {
        "csstype": "^3.1.0"
      }
    },
    "node_modules/solid-refresh": {
      "version": "0.4.1",
      "dev": true,
      "license": "MIT",
      "dependencies": {
        "@babel/generator": "^7.18.2",
        "@babel/helper-module-imports": "^7.16.7",
        "@babel/types": "^7.18.4"
      },
      "peerDependencies": {
        "solid-js": "^1.3"
      }
    },
    "node_modules/source-map-js": {
      "version": "1.0.2",
      "dev": true,
      "license": "BSD-3-Clause",
      "engines": {
        "node": ">=0.10.0"
      }
    },
    "node_modules/supports-color": {
      "version": "5.5.0",
      "dev": true,
      "license": "MIT",
      "dependencies": {
        "has-flag": "^3.0.0"
      },
      "engines": {
        "node": ">=4"
      }
    },
    "node_modules/supports-preserve-symlinks-flag": {
      "version": "1.0.0",
      "dev": true,
      "license": "MIT",
      "engines": {
        "node": ">= 0.4"
      },
      "funding": {
        "url": "https://github.com/sponsors/ljharb"
      }
    },
    "node_modules/to-fast-properties": {
      "version": "2.0.0",
      "dev": true,
      "license": "MIT",
      "engines": {
        "node": ">=4"
      }
    },
    "node_modules/ts-toolbelt": {
      "version": "9.6.0",
      "dev": true,
      "license": "Apache-2.0"
    },
    "node_modules/typescript": {
      "version": "4.8.3",
      "dev": true,
      "license": "Apache-2.0",
      "bin": {
        "tsc": "bin/tsc",
        "tsserver": "bin/tsserver"
      },
      "engines": {
        "node": ">=4.2.0"
      }
    },
    "node_modules/update-browserslist-db": {
      "version": "1.0.7",
      "dev": true,
      "funding": [
        {
          "type": "opencollective",
          "url": "https://opencollective.com/browserslist"
        },
        {
          "type": "tidelift",
          "url": "https://tidelift.com/funding/github/npm/browserslist"
        }
      ],
      "license": "MIT",
      "dependencies": {
        "escalade": "^3.1.1",
        "picocolors": "^1.0.0"
      },
      "bin": {
        "browserslist-lint": "cli.js"
      },
      "peerDependencies": {
        "browserslist": ">= 4.21.0"
      }
    },
    "node_modules/vite": {
      "version": "3.1.0",
      "dev": true,
      "license": "MIT",
      "dependencies": {
        "esbuild": "^0.15.6",
        "postcss": "^8.4.16",
        "resolve": "^1.22.1",
        "rollup": "~2.78.0"
      },
      "bin": {
        "vite": "bin/vite.js"
      },
      "engines": {
        "node": "^14.18.0 || >=16.0.0"
      },
      "optionalDependencies": {
        "fsevents": "~2.3.2"
      },
      "peerDependencies": {
        "less": "*",
        "sass": "*",
        "stylus": "*",
        "terser": "^5.4.0"
      },
      "peerDependenciesMeta": {
        "less": {
          "optional": true
        },
        "sass": {
          "optional": true
        },
        "stylus": {
          "optional": true
        },
        "terser": {
          "optional": true
        }
      }
    },
    "node_modules/vite-plugin-solid": {
      "version": "2.3.0",
      "dev": true,
      "license": "MIT",
      "dependencies": {
        "@babel/core": "^7.18.6",
        "@babel/preset-typescript": "^7.18.6",
        "babel-preset-solid": "^1.4.6",
        "merge-anything": "^5.0.2",
        "solid-refresh": "^0.4.1"
      },
      "peerDependencies": {
        "solid-js": "^1.3.17",
        "vite": "^3.0.0"
      }
    }
  },
  "dependencies": {
    "@ampproject/remapping": {
      "version": "2.2.0",
      "dev": true,
      "requires": {
        "@jridgewell/gen-mapping": "^0.1.0",
        "@jridgewell/trace-mapping": "^0.3.9"
      }
    },
    "@babel/code-frame": {
      "version": "7.18.6",
      "dev": true,
      "requires": {
        "@babel/highlight": "^7.18.6"
      }
    },
    "@babel/compat-data": {
      "version": "7.19.0",
      "dev": true
    },
    "@babel/core": {
      "version": "7.19.0",
      "dev": true,
      "requires": {
        "@ampproject/remapping": "^2.1.0",
        "@babel/code-frame": "^7.18.6",
        "@babel/generator": "^7.19.0",
        "@babel/helper-compilation-targets": "^7.19.0",
        "@babel/helper-module-transforms": "^7.19.0",
        "@babel/helpers": "^7.19.0",
        "@babel/parser": "^7.19.0",
        "@babel/template": "^7.18.10",
        "@babel/traverse": "^7.19.0",
        "@babel/types": "^7.19.0",
        "convert-source-map": "^1.7.0",
        "debug": "^4.1.0",
        "gensync": "^1.0.0-beta.2",
        "json5": "^2.2.1",
        "semver": "^6.3.0"
      }
    },
    "@babel/generator": {
      "version": "7.19.0",
      "dev": true,
      "requires": {
        "@babel/types": "^7.19.0",
        "@jridgewell/gen-mapping": "^0.3.2",
        "jsesc": "^2.5.1"
      },
      "dependencies": {
        "@jridgewell/gen-mapping": {
          "version": "0.3.2",
          "dev": true,
          "requires": {
            "@jridgewell/set-array": "^1.0.1",
            "@jridgewell/sourcemap-codec": "^1.4.10",
            "@jridgewell/trace-mapping": "^0.3.9"
          }
        }
      }
    },
    "@babel/helper-annotate-as-pure": {
      "version": "7.18.6",
      "dev": true,
      "requires": {
        "@babel/types": "^7.18.6"
      }
    },
    "@babel/helper-compilation-targets": {
      "version": "7.19.0",
      "dev": true,
      "requires": {
        "@babel/compat-data": "^7.19.0",
        "@babel/helper-validator-option": "^7.18.6",
        "browserslist": "^4.20.2",
        "semver": "^6.3.0"
      }
    },
    "@babel/helper-create-class-features-plugin": {
      "version": "7.19.0",
      "dev": true,
      "requires": {
        "@babel/helper-annotate-as-pure": "^7.18.6",
        "@babel/helper-environment-visitor": "^7.18.9",
        "@babel/helper-function-name": "^7.19.0",
        "@babel/helper-member-expression-to-functions": "^7.18.9",
        "@babel/helper-optimise-call-expression": "^7.18.6",
        "@babel/helper-replace-supers": "^7.18.9",
        "@babel/helper-split-export-declaration": "^7.18.6"
      }
    },
    "@babel/helper-environment-visitor": {
      "version": "7.18.9",
      "dev": true
    },
    "@babel/helper-function-name": {
      "version": "7.19.0",
      "dev": true,
      "requires": {
        "@babel/template": "^7.18.10",
        "@babel/types": "^7.19.0"
      }
    },
    "@babel/helper-hoist-variables": {
      "version": "7.18.6",
      "dev": true,
      "requires": {
        "@babel/types": "^7.18.6"
      }
    },
    "@babel/helper-member-expression-to-functions": {
      "version": "7.18.9",
      "dev": true,
      "requires": {
        "@babel/types": "^7.18.9"
      }
    },
    "@babel/helper-module-imports": {
      "version": "7.18.6",
      "dev": true,
      "requires": {
        "@babel/types": "^7.18.6"
      }
    },
    "@babel/helper-module-transforms": {
      "version": "7.19.0",
      "dev": true,
      "requires": {
        "@babel/helper-environment-visitor": "^7.18.9",
        "@babel/helper-module-imports": "^7.18.6",
        "@babel/helper-simple-access": "^7.18.6",
        "@babel/helper-split-export-declaration": "^7.18.6",
        "@babel/helper-validator-identifier": "^7.18.6",
        "@babel/template": "^7.18.10",
        "@babel/traverse": "^7.19.0",
        "@babel/types": "^7.19.0"
      }
    },
    "@babel/helper-optimise-call-expression": {
      "version": "7.18.6",
      "dev": true,
      "requires": {
        "@babel/types": "^7.18.6"
      }
    },
    "@babel/helper-plugin-utils": {
      "version": "7.19.0",
      "dev": true
    },
    "@babel/helper-replace-supers": {
      "version": "7.18.9",
      "dev": true,
      "requires": {
        "@babel/helper-environment-visitor": "^7.18.9",
        "@babel/helper-member-expression-to-functions": "^7.18.9",
        "@babel/helper-optimise-call-expression": "^7.18.6",
        "@babel/traverse": "^7.18.9",
        "@babel/types": "^7.18.9"
      }
    },
    "@babel/helper-simple-access": {
      "version": "7.18.6",
      "dev": true,
      "requires": {
        "@babel/types": "^7.18.6"
      }
    },
    "@babel/helper-split-export-declaration": {
      "version": "7.18.6",
      "dev": true,
      "requires": {
        "@babel/types": "^7.18.6"
      }
    },
    "@babel/helper-string-parser": {
      "version": "7.18.10",
      "dev": true
    },
    "@babel/helper-validator-identifier": {
      "version": "7.18.6",
      "dev": true
    },
    "@babel/helper-validator-option": {
      "version": "7.18.6",
      "dev": true
    },
    "@babel/helpers": {
      "version": "7.19.0",
      "dev": true,
      "requires": {
        "@babel/template": "^7.18.10",
        "@babel/traverse": "^7.19.0",
        "@babel/types": "^7.19.0"
      }
    },
    "@babel/highlight": {
      "version": "7.18.6",
      "dev": true,
      "requires": {
        "@babel/helper-validator-identifier": "^7.18.6",
        "chalk": "^2.0.0",
        "js-tokens": "^4.0.0"
      }
    },
    "@babel/parser": {
      "version": "7.19.0",
      "dev": true
    },
    "@babel/plugin-syntax-jsx": {
      "version": "7.18.6",
      "dev": true,
      "requires": {
        "@babel/helper-plugin-utils": "^7.18.6"
      }
    },
    "@babel/plugin-syntax-typescript": {
      "version": "7.18.6",
      "dev": true,
      "requires": {
        "@babel/helper-plugin-utils": "^7.18.6"
      }
    },
    "@babel/plugin-transform-typescript": {
      "version": "7.19.0",
      "dev": true,
      "requires": {
        "@babel/helper-create-class-features-plugin": "^7.19.0",
        "@babel/helper-plugin-utils": "^7.19.0",
        "@babel/plugin-syntax-typescript": "^7.18.6"
      }
    },
    "@babel/preset-typescript": {
      "version": "7.18.6",
      "dev": true,
      "requires": {
        "@babel/helper-plugin-utils": "^7.18.6",
        "@babel/helper-validator-option": "^7.18.6",
        "@babel/plugin-transform-typescript": "^7.18.6"
      }
    },
    "@babel/template": {
      "version": "7.18.10",
      "dev": true,
      "requires": {
        "@babel/code-frame": "^7.18.6",
        "@babel/parser": "^7.18.10",
        "@babel/types": "^7.18.10"
      }
    },
    "@babel/traverse": {
      "version": "7.19.0",
      "dev": true,
      "requires": {
        "@babel/code-frame": "^7.18.6",
        "@babel/generator": "^7.19.0",
        "@babel/helper-environment-visitor": "^7.18.9",
        "@babel/helper-function-name": "^7.19.0",
        "@babel/helper-hoist-variables": "^7.18.6",
        "@babel/helper-split-export-declaration": "^7.18.6",
        "@babel/parser": "^7.19.0",
        "@babel/types": "^7.19.0",
        "debug": "^4.1.0",
        "globals": "^11.1.0"
      }
    },
    "@babel/types": {
      "version": "7.19.0",
      "dev": true,
      "requires": {
        "@babel/helper-string-parser": "^7.18.10",
        "@babel/helper-validator-identifier": "^7.18.6",
        "to-fast-properties": "^2.0.0"
      }
    },
    "@jridgewell/gen-mapping": {
      "version": "0.1.1",
      "dev": true,
      "requires": {
        "@jridgewell/set-array": "^1.0.0",
        "@jridgewell/sourcemap-codec": "^1.4.10"
      }
    },
    "@jridgewell/resolve-uri": {
      "version": "3.1.0",
      "dev": true
    },
    "@jridgewell/set-array": {
      "version": "1.1.2",
      "dev": true
    },
    "@jridgewell/sourcemap-codec": {
      "version": "1.4.14",
      "dev": true
    },
    "@jridgewell/trace-mapping": {
      "version": "0.3.15",
      "dev": true,
      "requires": {
        "@jridgewell/resolve-uri": "^3.0.3",
        "@jridgewell/sourcemap-codec": "^1.4.10"
      }
    },
    "@tanstack/query-core": {
      "version": "4.3.0-beta.4",
      "resolved": "https://registry.npmjs.org/@tanstack/query-core/-/query-core-4.3.0-beta.4.tgz",
      "integrity": "sha512-GFtngk07PTj3WX1P0sN2hnb/z+Y+CnGtwJv2gdDepZ5M87vgaTb2y9qqd6HDpMswTAmEqjBbrNp7X/LCBZkY+A=="
    },
    "@tanstack/solid-query": {
      "version": "file:.yalc/@tanstack/solid-query",
      "requires": {
        "@tanstack/query-core": "4.3.0-beta.4"
      }
    },
    "ansi-styles": {
      "version": "3.2.1",
      "dev": true,
      "requires": {
        "color-convert": "^1.9.0"
      }
    },
    "babel-plugin-jsx-dom-expressions": {
      "version": "0.34.7",
      "dev": true,
      "requires": {
        "@babel/helper-module-imports": "7.16.0",
        "@babel/plugin-syntax-jsx": "^7.16.5",
        "@babel/types": "^7.16.0",
        "html-entities": "2.3.2"
      },
      "dependencies": {
        "@babel/helper-module-imports": {
          "version": "7.16.0",
          "dev": true,
          "requires": {
            "@babel/types": "^7.16.0"
          }
        }
      }
    },
    "babel-preset-solid": {
      "version": "1.5.4",
      "dev": true,
      "requires": {
        "babel-plugin-jsx-dom-expressions": "^0.34.5"
      }
    },
    "browserslist": {
      "version": "4.21.3",
      "dev": true,
      "requires": {
        "caniuse-lite": "^1.0.30001370",
        "electron-to-chromium": "^1.4.202",
        "node-releases": "^2.0.6",
        "update-browserslist-db": "^1.0.5"
      }
    },
    "caniuse-lite": {
      "version": "1.0.30001393",
      "dev": true
    },
    "chalk": {
      "version": "2.4.2",
      "dev": true,
      "requires": {
        "ansi-styles": "^3.2.1",
        "escape-string-regexp": "^1.0.5",
        "supports-color": "^5.3.0"
      }
    },
    "color-convert": {
      "version": "1.9.3",
      "dev": true,
      "requires": {
        "color-name": "1.1.3"
      }
    },
    "color-name": {
      "version": "1.1.3",
      "dev": true
    },
    "convert-source-map": {
      "version": "1.8.0",
      "dev": true,
      "requires": {
        "safe-buffer": "~5.1.1"
      }
    },
    "csstype": {
      "version": "3.1.0"
    },
    "debug": {
      "version": "4.3.4",
      "dev": true,
      "requires": {
        "ms": "2.1.2"
      }
    },
    "electron-to-chromium": {
      "version": "1.4.245",
      "dev": true
    },
    "esbuild": {
      "version": "0.15.7",
      "dev": true,
      "requires": {
        "@esbuild/linux-loong64": "0.15.7",
        "esbuild-android-64": "0.15.7",
        "esbuild-android-arm64": "0.15.7",
        "esbuild-darwin-64": "0.15.7",
        "esbuild-darwin-arm64": "0.15.7",
        "esbuild-freebsd-64": "0.15.7",
        "esbuild-freebsd-arm64": "0.15.7",
        "esbuild-linux-32": "0.15.7",
        "esbuild-linux-64": "0.15.7",
        "esbuild-linux-arm": "0.15.7",
        "esbuild-linux-arm64": "0.15.7",
        "esbuild-linux-mips64le": "0.15.7",
        "esbuild-linux-ppc64le": "0.15.7",
        "esbuild-linux-riscv64": "0.15.7",
        "esbuild-linux-s390x": "0.15.7",
        "esbuild-netbsd-64": "0.15.7",
        "esbuild-openbsd-64": "0.15.7",
        "esbuild-sunos-64": "0.15.7",
        "esbuild-windows-32": "0.15.7",
        "esbuild-windows-64": "0.15.7",
        "esbuild-windows-arm64": "0.15.7"
      }
    },
    "esbuild-darwin-64": {
      "version": "0.15.7",
      "dev": true,
      "optional": true
    },
    "escalade": {
      "version": "3.1.1",
      "dev": true
    },
    "escape-string-regexp": {
      "version": "1.0.5",
      "dev": true
    },
    "fsevents": {
      "version": "2.3.2",
      "dev": true,
      "optional": true
    },
    "function-bind": {
      "version": "1.1.1",
      "dev": true
    },
    "gensync": {
      "version": "1.0.0-beta.2",
      "dev": true
    },
    "globals": {
      "version": "11.12.0",
      "dev": true
    },
    "has": {
      "version": "1.0.3",
      "dev": true,
      "requires": {
        "function-bind": "^1.1.1"
      }
    },
    "has-flag": {
      "version": "3.0.0",
      "dev": true
    },
    "html-entities": {
      "version": "2.3.2",
      "dev": true
    },
    "is-core-module": {
      "version": "2.10.0",
      "dev": true,
      "requires": {
        "has": "^1.0.3"
      }
    },
    "is-what": {
      "version": "4.1.7",
      "dev": true
    },
    "js-tokens": {
      "version": "4.0.0",
      "dev": true
    },
    "jsesc": {
      "version": "2.5.2",
      "dev": true
    },
    "json5": {
      "version": "2.2.1",
      "dev": true
    },
    "merge-anything": {
      "version": "5.0.4",
      "dev": true,
      "requires": {
        "is-what": "^4.1.7",
        "ts-toolbelt": "^9.6.0"
      }
    },
    "ms": {
      "version": "2.1.2",
      "dev": true
    },
    "nanoid": {
      "version": "3.3.4",
      "dev": true
    },
    "node-releases": {
      "version": "2.0.6",
      "dev": true
    },
    "path-parse": {
      "version": "1.0.7",
      "dev": true
    },
    "picocolors": {
      "version": "1.0.0",
      "dev": true
    },
    "postcss": {
      "version": "8.4.16",
      "dev": true,
      "requires": {
        "nanoid": "^3.3.4",
        "picocolors": "^1.0.0",
        "source-map-js": "^1.0.2"
      }
    },
    "resolve": {
      "version": "1.22.1",
      "dev": true,
      "requires": {
        "is-core-module": "^2.9.0",
        "path-parse": "^1.0.7",
        "supports-preserve-symlinks-flag": "^1.0.0"
      }
    },
    "rollup": {
      "version": "2.78.1",
      "dev": true,
      "requires": {
        "fsevents": "~2.3.2"
      }
    },
    "safe-buffer": {
      "version": "5.1.2",
      "dev": true
    },
    "semver": {
      "version": "6.3.0",
      "dev": true
    },
    "solid-js": {
      "version": "1.5.4",
      "requires": {
        "csstype": "^3.1.0"
      }
    },
    "solid-refresh": {
      "version": "0.4.1",
      "dev": true,
      "requires": {
        "@babel/generator": "^7.18.2",
        "@babel/helper-module-imports": "^7.16.7",
        "@babel/types": "^7.18.4"
      }
    },
    "source-map-js": {
      "version": "1.0.2",
      "dev": true
    },
    "supports-color": {
      "version": "5.5.0",
      "dev": true,
      "requires": {
        "has-flag": "^3.0.0"
      }
    },
    "supports-preserve-symlinks-flag": {
      "version": "1.0.0",
      "dev": true
    },
    "to-fast-properties": {
      "version": "2.0.0",
      "dev": true
    },
    "ts-toolbelt": {
      "version": "9.6.0",
      "dev": true
    },
    "typescript": {
      "version": "4.8.3",
      "dev": true
    },
    "update-browserslist-db": {
      "version": "1.0.7",
      "dev": true,
      "requires": {
        "escalade": "^3.1.1",
        "picocolors": "^1.0.0"
      }
    },
    "vite": {
      "version": "3.1.0",
      "dev": true,
      "requires": {
        "esbuild": "^0.15.6",
        "fsevents": "~2.3.2",
        "postcss": "^8.4.16",
        "resolve": "^1.22.1",
        "rollup": "~2.78.0"
      }
    },
    "vite-plugin-solid": {
      "version": "2.3.0",
      "dev": true,
      "requires": {
        "@babel/core": "^7.18.6",
        "@babel/preset-typescript": "^7.18.6",
        "babel-preset-solid": "^1.4.6",
        "merge-anything": "^5.0.2",
        "solid-refresh": "^0.4.1"
      }
    }
  }
}
